
Microsoft Visual Studio Solution File, Format Version 12.00
# Visual Studio Version 16
VisualStudioVersion = 16.0.31424.327
MinimumVisualStudioVersion = 10.0.40219.1
Project("{FAE04EC0-301F-11D3-BF4B-00C04F79EFBC}") = "MemoryTest", "MemoryTest\MemoryTest.csproj", "{94C22485-B8BE-4255-A975-9C714DFEA1BC}"
EndProject
Global
	GlobalSection(SolutionConfigurationPlatforms) = preSolution
		Debug|Any CPU = Debug|Any CPU
		Release|Any CPU = Release|Any CPU
	EndGlobalSection
	GlobalSection(ProjectConfigurationPlatforms) = postSolution
		{94C22485-B8BE-4255-A975-9C714DFEA1BC}.Debug|Any CPU.ActiveCfg = Debug|Any CPU
		{94C22485-B8BE-4255-A975-9C714DFEA1BC}.Debug|Any CPU.Build.0 = Debug|Any CPU
		{94C22485-B8BE-4255-A975-9C714DFEA1BC}.Release|Any CPU.ActiveCfg = Release|Any CPU
		{94C22485-B8BE-4255-A975-9C714DFEA1BC}.Release|Any CPU.Build.0 = Release|Any CPU
	EndGlobalSection
	GlobalSection(SolutionProperties) = preSolution
		HideSolutionNode = FALSE
	EndGlobalSection
	GlobalSection(ExtensibilityGlobals) = postSolution
		SolutionGuid = {C73723B0-2817-45E7-99A0-3A2F39A3BB24}
	EndGlobalSection
EndGlobal
