
Microsoft Visual Studio Solution File, Format Version 12.00
# Visual Studio Version 16
VisualStudioVersion = 16.0.31424.327
MinimumVisualStudioVersion = 10.0.40219.1
Project("{8BC9CEB8-8B4A-11D0-8D11-00A0C91BC942}") = "Xkein.CLR", "Xkein.CLR\Xkein.CLR.vcxproj", "{A2FFC862-9E25-477D-A34D-4F9699655C29}"
EndProject
Project("{FAE04EC0-301F-11D3-BF4B-00C04F79EFBC}") = "Xkein.COMRegistration", "Xkein.COMRegistration\Xkein.COMRegistration.csproj", "{1DE7D4FB-6271-4CDF-A4B2-FFCA63D27C64}"
EndProject
Project("{FAE04EC0-301F-11D3-BF4B-00C04F79EFBC}") = "Xkein.Downloader", "Xkein.Downloader\Xkein.Downloader.csproj", "{D9FEFB80-D778-4146-A5AD-64E8CA3AED98}"
EndProject
Project("{FAE04EC0-301F-11D3-BF4B-00C04F79EFBC}") = "Xkein.Memory", "Xkein.Memory\Xkein.Memory.csproj", "{617D301B-8B16-4CE8-B12B-4E0088CCF43D}"
EndProject
Project("{FAE04EC0-301F-11D3-BF4B-00C04F79EFBC}") = "Xkein.Remote", "Xkein.Remote\Xkein.Remote.csproj", "{B3D14BFA-7083-450D-BE81-62633409083A}"
EndProject
Project("{FAE04EC0-301F-11D3-BF4B-00C04F79EFBC}") = "Xkein.Helpers", "Xkein.Helpers\Xkein.Helpers.csproj", "{6A9C2F9C-1CD9-483C-9649-9304182B9A41}"
EndProject
Project("{FAE04EC0-301F-11D3-BF4B-00C04F79EFBC}") = "Xkein.Logger", "Xkein.Logger\Xkein.Logger.csproj", "{48F4B76D-F046-4143-B9CD-72C1F213F1B4}"
EndProject
Global
	GlobalSection(SolutionConfigurationPlatforms) = preSolution
		Debug|Any CPU = Debug|Any CPU
		Debug|x64 = Debug|x64
		Debug|x86 = Debug|x86
		Release|Any CPU = Release|Any CPU
		Release|x64 = Release|x64
		Release|x86 = Release|x86
	EndGlobalSection
	GlobalSection(ProjectConfigurationPlatforms) = postSolution
		{A2FFC862-9E25-477D-A34D-4F9699655C29}.Debug|Any CPU.ActiveCfg = Debug|Win32
		{A2FFC862-9E25-477D-A34D-4F9699655C29}.Debug|x64.ActiveCfg = Debug|x64
		{A2FFC862-9E25-477D-A34D-4F9699655C29}.Debug|x64.Build.0 = Debug|x64
		{A2FFC862-9E25-477D-A34D-4F9699655C29}.Debug|x86.ActiveCfg = Debug|Win32
		{A2FFC862-9E25-477D-A34D-4F9699655C29}.Debug|x86.Build.0 = Debug|Win32
		{A2FFC862-9E25-477D-A34D-4F9699655C29}.Release|Any CPU.ActiveCfg = Release|Win32
		{A2FFC862-9E25-477D-A34D-4F9699655C29}.Release|x64.ActiveCfg = Release|x64
		{A2FFC862-9E25-477D-A34D-4F9699655C29}.Release|x64.Build.0 = Release|x64
		{A2FFC862-9E25-477D-A34D-4F9699655C29}.Release|x86.ActiveCfg = Release|Win32
		{A2FFC862-9E25-477D-A34D-4F9699655C29}.Release|x86.Build.0 = Release|Win32
		{1DE7D4FB-6271-4CDF-A4B2-FFCA63D27C64}.Debug|Any CPU.ActiveCfg = Debug|Any CPU
		{1DE7D4FB-6271-4CDF-A4B2-FFCA63D27C64}.Debug|Any CPU.Build.0 = Debug|Any CPU
		{1DE7D4FB-6271-4CDF-A4B2-FFCA63D27C64}.Debug|x64.ActiveCfg = Debug|Any CPU
		{1DE7D4FB-6271-4CDF-A4B2-FFCA63D27C64}.Debug|x64.Build.0 = Debug|Any CPU
		{1DE7D4FB-6271-4CDF-A4B2-FFCA63D27C64}.Debug|x86.ActiveCfg = Debug|Any CPU
		{1DE7D4FB-6271-4CDF-A4B2-FFCA63D27C64}.Debug|x86.Build.0 = Debug|Any CPU
		{1DE7D4FB-6271-4CDF-A4B2-FFCA63D27C64}.Release|Any CPU.ActiveCfg = Release|Any CPU
		{1DE7D4FB-6271-4CDF-A4B2-FFCA63D27C64}.Release|Any CPU.Build.0 = Release|Any CPU
		{1DE7D4FB-6271-4CDF-A4B2-FFCA63D27C64}.Release|x64.ActiveCfg = Release|Any CPU
		{1DE7D4FB-6271-4CDF-A4B2-FFCA63D27C64}.Release|x64.Build.0 = Release|Any CPU
		{1DE7D4FB-6271-4CDF-A4B2-FFCA63D27C64}.Release|x86.ActiveCfg = Release|Any CPU
		{1DE7D4FB-6271-4CDF-A4B2-FFCA63D27C64}.Release|x86.Build.0 = Release|Any CPU
		{D9FEFB80-D778-4146-A5AD-64E8CA3AED98}.Debug|Any CPU.ActiveCfg = Debug|Any CPU
		{D9FEFB80-D778-4146-A5AD-64E8CA3AED98}.Debug|Any CPU.Build.0 = Debug|Any CPU
		{D9FEFB80-D778-4146-A5AD-64E8CA3AED98}.Debug|x64.ActiveCfg = Debug|Any CPU
		{D9FEFB80-D778-4146-A5AD-64E8CA3AED98}.Debug|x64.Build.0 = Debug|Any CPU
		{D9FEFB80-D778-4146-A5AD-64E8CA3AED98}.Debug|x86.ActiveCfg = Debug|Any CPU
		{D9FEFB80-D778-4146-A5AD-64E8CA3AED98}.Debug|x86.Build.0 = Debug|Any CPU
		{D9FEFB80-D778-4146-A5AD-64E8CA3AED98}.Release|Any CPU.ActiveCfg = Release|Any CPU
		{D9FEFB80-D778-4146-A5AD-64E8CA3AED98}.Release|Any CPU.Build.0 = Release|Any CPU
		{D9FEFB80-D778-4146-A5AD-64E8CA3AED98}.Release|x64.ActiveCfg = Release|Any CPU
		{D9FEFB80-D778-4146-A5AD-64E8CA3AED98}.Release|x64.Build.0 = Release|Any CPU
		{D9FEFB80-D778-4146-A5AD-64E8CA3AED98}.Release|x86.ActiveCfg = Release|Any CPU
		{D9FEFB80-D778-4146-A5AD-64E8CA3AED98}.Release|x86.Build.0 = Release|Any CPU
		{617D301B-8B16-4CE8-B12B-4E0088CCF43D}.Debug|Any CPU.ActiveCfg = Debug|Any CPU
		{617D301B-8B16-4CE8-B12B-4E0088CCF43D}.Debug|Any CPU.Build.0 = Debug|Any CPU
		{617D301B-8B16-4CE8-B12B-4E0088CCF43D}.Debug|x64.ActiveCfg = Debug|Any CPU
		{617D301B-8B16-4CE8-B12B-4E0088CCF43D}.Debug|x64.Build.0 = Debug|Any CPU
		{617D301B-8B16-4CE8-B12B-4E0088CCF43D}.Debug|x86.ActiveCfg = Debug|Any CPU
		{617D301B-8B16-4CE8-B12B-4E0088CCF43D}.Debug|x86.Build.0 = Debug|Any CPU
		{617D301B-8B16-4CE8-B12B-4E0088CCF43D}.Release|Any CPU.ActiveCfg = Release|Any CPU
		{617D301B-8B16-4CE8-B12B-4E0088CCF43D}.Release|Any CPU.Build.0 = Release|Any CPU
		{617D301B-8B16-4CE8-B12B-4E0088CCF43D}.Release|x64.ActiveCfg = Release|Any CPU
		{617D301B-8B16-4CE8-B12B-4E0088CCF43D}.Release|x64.Build.0 = Release|Any CPU
		{617D301B-8B16-4CE8-B12B-4E0088CCF43D}.Release|x86.ActiveCfg = Release|Any CPU
		{617D301B-8B16-4CE8-B12B-4E0088CCF43D}.Release|x86.Build.0 = Release|Any CPU
		{B3D14BFA-7083-450D-BE81-62633409083A}.Debug|Any CPU.ActiveCfg = Debug|Any CPU
		{B3D14BFA-7083-450D-BE81-62633409083A}.Debug|Any CPU.Build.0 = Debug|Any CPU
		{B3D14BFA-7083-450D-BE81-62633409083A}.Debug|x64.ActiveCfg = Debug|Any CPU
		{B3D14BFA-7083-450D-BE81-62633409083A}.Debug|x64.Build.0 = Debug|Any CPU
		{B3D14BFA-7083-450D-BE81-62633409083A}.Debug|x86.ActiveCfg = Debug|Any CPU
		{B3D14BFA-7083-450D-BE81-62633409083A}.Debug|x86.Build.0 = Debug|Any CPU
		{B3D14BFA-7083-450D-BE81-62633409083A}.Release|Any CPU.ActiveCfg = Release|Any CPU
		{B3D14BFA-7083-450D-BE81-62633409083A}.Release|Any CPU.Build.0 = Release|Any CPU
		{B3D14BFA-7083-450D-BE81-62633409083A}.Release|x64.ActiveCfg = Release|Any CPU
		{B3D14BFA-7083-450D-BE81-62633409083A}.Release|x64.Build.0 = Release|Any CPU
		{B3D14BFA-7083-450D-BE81-62633409083A}.Release|x86.ActiveCfg = Release|Any CPU
		{B3D14BFA-7083-450D-BE81-62633409083A}.Release|x86.Build.0 = Release|Any CPU
		{6A9C2F9C-1CD9-483C-9649-9304182B9A41}.Debug|Any CPU.ActiveCfg = Debug|Any CPU
		{6A9C2F9C-1CD9-483C-9649-9304182B9A41}.Debug|Any CPU.Build.0 = Debug|Any CPU
		{6A9C2F9C-1CD9-483C-9649-9304182B9A41}.Debug|x64.ActiveCfg = Debug|Any CPU
		{6A9C2F9C-1CD9-483C-9649-9304182B9A41}.Debug|x64.Build.0 = Debug|Any CPU
		{6A9C2F9C-1CD9-483C-9649-9304182B9A41}.Debug|x86.ActiveCfg = Debug|Any CPU
		{6A9C2F9C-1CD9-483C-9649-9304182B9A41}.Debug|x86.Build.0 = Debug|Any CPU
		{6A9C2F9C-1CD9-483C-9649-9304182B9A41}.Release|Any CPU.ActiveCfg = Release|Any CPU
		{6A9C2F9C-1CD9-483C-9649-9304182B9A41}.Release|Any CPU.Build.0 = Release|Any CPU
		{6A9C2F9C-1CD9-483C-9649-9304182B9A41}.Release|x64.ActiveCfg = Release|Any CPU
		{6A9C2F9C-1CD9-483C-9649-9304182B9A41}.Release|x64.Build.0 = Release|Any CPU
		{6A9C2F9C-1CD9-483C-9649-9304182B9A41}.Release|x86.ActiveCfg = Release|Any CPU
		{6A9C2F9C-1CD9-483C-9649-9304182B9A41}.Release|x86.Build.0 = Release|Any CPU
		{48F4B76D-F046-4143-B9CD-72C1F213F1B4}.Debug|Any CPU.ActiveCfg = Debug|Any CPU
		{48F4B76D-F046-4143-B9CD-72C1F213F1B4}.Debug|Any CPU.Build.0 = Debug|Any CPU
		{48F4B76D-F046-4143-B9CD-72C1F213F1B4}.Debug|x64.ActiveCfg = Debug|Any CPU
		{48F4B76D-F046-4143-B9CD-72C1F213F1B4}.Debug|x64.Build.0 = Debug|Any CPU
		{48F4B76D-F046-4143-B9CD-72C1F213F1B4}.Debug|x86.ActiveCfg = Debug|Any CPU
		{48F4B76D-F046-4143-B9CD-72C1F213F1B4}.Debug|x86.Build.0 = Debug|Any CPU
		{48F4B76D-F046-4143-B9CD-72C1F213F1B4}.Release|Any CPU.ActiveCfg = Release|Any CPU
		{48F4B76D-F046-4143-B9CD-72C1F213F1B4}.Release|Any CPU.Build.0 = Release|Any CPU
		{48F4B76D-F046-4143-B9CD-72C1F213F1B4}.Release|x64.ActiveCfg = Release|Any CPU
		{48F4B76D-F046-4143-B9CD-72C1F213F1B4}.Release|x64.Build.0 = Release|Any CPU
		{48F4B76D-F046-4143-B9CD-72C1F213F1B4}.Release|x86.ActiveCfg = Release|Any CPU
		{48F4B76D-F046-4143-B9CD-72C1F213F1B4}.Release|x86.Build.0 = Release|Any CPU
	EndGlobalSection
	GlobalSection(SolutionProperties) = preSolution
		HideSolutionNode = FALSE
	EndGlobalSection
	GlobalSection(ExtensibilityGlobals) = postSolution
		SolutionGuid = {20BD7E70-F2B8-4659-BE28-C50171FD7BE9}
	EndGlobalSection
EndGlobal
